
Microsoft Visual Studio Solution File, Format Version 12.00
# Visual Studio Version 17
VisualStudioVersion = 17.0.32014.148
MinimumVisualStudioVersion = 10.0.40219.1
Project("{9A19103F-16F7-4668-BE54-9A1E7A4F7556}") = "TeamFight", "Test\TeamFight.csproj", "{3200E13A-3FDF-419B-AF25-C081BA735361}"
EndProject
Global
	GlobalSection(SolutionConfigurationPlatforms) = preSolution
		Debug|Any CPU = Debug|Any CPU
		Release|Any CPU = Release|Any CPU
	EndGlobalSection
	GlobalSection(ProjectConfigurationPlatforms) = postSolution
		{3200E13A-3FDF-419B-AF25-C081BA735361}.Debug|Any CPU.ActiveCfg = Debug|Any CPU
		{3200E13A-3FDF-419B-AF25-C081BA735361}.Debug|Any CPU.Build.0 = Debug|Any CPU
		{3200E13A-3FDF-419B-AF25-C081BA735361}.Release|Any CPU.ActiveCfg = Release|Any CPU
		{3200E13A-3FDF-419B-AF25-C081BA735361}.Release|Any CPU.Build.0 = Release|Any CPU
	EndGlobalSection
	GlobalSection(SolutionProperties) = preSolution
		HideSolutionNode = FALSE
	EndGlobalSection
	GlobalSection(ExtensibilityGlobals) = postSolution
		SolutionGuid = {234555B2-AF85-4282-BF89-8B5FBE20E28D}
	EndGlobalSection
EndGlobal
