
Microsoft Visual Studio Solution File, Format Version 12.00
# Visual Studio Version 17
VisualStudioVersion = 17.0.32014.148
MinimumVisualStudioVersion = 10.0.40219.1
Project("{FAE04EC0-301F-11D3-BF4B-00C04F79EFBC}") = "Aquarium", "Aquarium\Aquarium.csproj", "{C5A781C8-2B07-4F67-B72E-DD4393767226}"
EndProject
Global
	GlobalSection(SolutionConfigurationPlatforms) = preSolution
		Debug|Any CPU = Debug|Any CPU
		Release|Any CPU = Release|Any CPU
	EndGlobalSection
	GlobalSection(ProjectConfigurationPlatforms) = postSolution
		{C5A781C8-2B07-4F67-B72E-DD4393767226}.Debug|Any CPU.ActiveCfg = Debug|Any CPU
		{C5A781C8-2B07-4F67-B72E-DD4393767226}.Debug|Any CPU.Build.0 = Debug|Any CPU
		{C5A781C8-2B07-4F67-B72E-DD4393767226}.Release|Any CPU.ActiveCfg = Release|Any CPU
		{C5A781C8-2B07-4F67-B72E-DD4393767226}.Release|Any CPU.Build.0 = Release|Any CPU
	EndGlobalSection
	GlobalSection(SolutionProperties) = preSolution
		HideSolutionNode = FALSE
	EndGlobalSection
	GlobalSection(ExtensibilityGlobals) = postSolution
		SolutionGuid = {FB7F28E3-6853-4AA3-9119-7DA72B363B09}
	EndGlobalSection
EndGlobal
