
Microsoft Visual Studio Solution File, Format Version 12.00
# Visual Studio Version 17
VisualStudioVersion = 17.0.32014.148
MinimumVisualStudioVersion = 10.0.40219.1
Project("{FAE04EC0-301F-11D3-BF4B-00C04F79EFBC}") = "Definition of delay", "Definition of delay\Definition of delay.csproj", "{5EB73E13-C95E-4B36-AAD0-B8B717092B59}"
EndProject
Global
	GlobalSection(SolutionConfigurationPlatforms) = preSolution
		Debug|Any CPU = Debug|Any CPU
		Release|Any CPU = Release|Any CPU
	EndGlobalSection
	GlobalSection(ProjectConfigurationPlatforms) = postSolution
		{5EB73E13-C95E-4B36-AAD0-B8B717092B59}.Debug|Any CPU.ActiveCfg = Debug|Any CPU
		{5EB73E13-C95E-4B36-AAD0-B8B717092B59}.Debug|Any CPU.Build.0 = Debug|Any CPU
		{5EB73E13-C95E-4B36-AAD0-B8B717092B59}.Release|Any CPU.ActiveCfg = Release|Any CPU
		{5EB73E13-C95E-4B36-AAD0-B8B717092B59}.Release|Any CPU.Build.0 = Release|Any CPU
	EndGlobalSection
	GlobalSection(SolutionProperties) = preSolution
		HideSolutionNode = FALSE
	EndGlobalSection
	GlobalSection(ExtensibilityGlobals) = postSolution
		SolutionGuid = {89196C3F-FA34-4E76-85BB-983BD1394231}
	EndGlobalSection
EndGlobal
