
Microsoft Visual Studio Solution File, Format Version 12.00
# Visual Studio Version 17
VisualStudioVersion = 17.0.32014.148
MinimumVisualStudioVersion = 10.0.40219.1
Project("{FAE04EC0-301F-11D3-BF4B-00C04F79EFBC}") = "Auto", "Auto\Auto.csproj", "{07F0B315-CF1E-4BBE-A3A1-657259598D89}"
EndProject
Global
	GlobalSection(SolutionConfigurationPlatforms) = preSolution
		Debug|Any CPU = Debug|Any CPU
		Release|Any CPU = Release|Any CPU
	EndGlobalSection
	GlobalSection(ProjectConfigurationPlatforms) = postSolution
		{07F0B315-CF1E-4BBE-A3A1-657259598D89}.Debug|Any CPU.ActiveCfg = Debug|Any CPU
		{07F0B315-CF1E-4BBE-A3A1-657259598D89}.Debug|Any CPU.Build.0 = Debug|Any CPU
		{07F0B315-CF1E-4BBE-A3A1-657259598D89}.Release|Any CPU.ActiveCfg = Release|Any CPU
		{07F0B315-CF1E-4BBE-A3A1-657259598D89}.Release|Any CPU.Build.0 = Release|Any CPU
	EndGlobalSection
	GlobalSection(SolutionProperties) = preSolution
		HideSolutionNode = FALSE
	EndGlobalSection
	GlobalSection(ExtensibilityGlobals) = postSolution
		SolutionGuid = {B2BDFAE0-3EE3-45DB-9C24-EACF733D4220}
	EndGlobalSection
EndGlobal
